
Microsoft Visual Studio Solution File, Format Version 12.00
# Visual Studio Version 17
VisualStudioVersion = 17.13.35913.81
MinimumVisualStudioVersion = 10.0.40219.1
Project("{2150E333-8FDC-42A3-9474-1A3956D46DE8}") = "Services", "Services", "{02EA681E-C7D8-13C7-8484-4AC65E1B71E8}"
EndProject
Project("{2150E333-8FDC-42A3-9474-1A3956D46DE8}") = "Catalog", "Catalog", "{2CC53A7B-BB94-4410-BE56-8639CAF1860D}"
EndProject
Project("{FAE04EC0-301F-11D3-BF4B-00C04F79EFBC}") = "MultiShop.Catalog", "Services\Catalog\MultiShop.Catalog\MultiShop.Catalog.csproj", "{16A20840-F1E9-4E23-A822-9E8E701F0608}"
EndProject
Project("{2150E333-8FDC-42A3-9474-1A3956D46DE8}") = "Discount", "Discount", "{5A51059D-1357-48FF-8DAA-DF97DDDC2EB0}"
EndProject
Project("{FAE04EC0-301F-11D3-BF4B-00C04F79EFBC}") = "MultiShop.Discount", "Services\Discount\MultiShop.Discount\MultiShop.Discount.csproj", "{317AFE96-C986-4FF8-8D6E-D02551E2319B}"
EndProject
Project("{2150E333-8FDC-42A3-9474-1A3956D46DE8}") = "Order", "Order", "{9BEA16C8-B593-46D4-AA13-3D24924936EE}"
EndProject
Project("{2150E333-8FDC-42A3-9474-1A3956D46DE8}") = "Core", "Core", "{135DB3FC-8236-4840-96D0-64B5C4DDC82A}"
EndProject
Project("{2150E333-8FDC-42A3-9474-1A3956D46DE8}") = "Presentation", "Presentation", "{E9FD0B0C-0E7C-4E13-B78D-7A283BC4DD19}"
EndProject
Project("{2150E333-8FDC-42A3-9474-1A3956D46DE8}") = "Infrastructure", "Infrastructure", "{FF6E8940-C7D7-45F1-94D4-0265423690A2}"
EndProject
Project("{FAE04EC0-301F-11D3-BF4B-00C04F79EFBC}") = "MultiShop.Order.Domain", "Services\Order\Core\MultiShop.Order.Domain\MultiShop.Order.Domain.csproj", "{C9BA3794-E9C9-4FB1-9DB5-9DD4686E163F}"
EndProject
Project("{FAE04EC0-301F-11D3-BF4B-00C04F79EFBC}") = "MultiShop.Order.Application", "Services\Order\Core\MultiShop.Order.Application\MultiShop.Order.Application.csproj", "{E9CBDCFE-DB6F-485C-BC04-32AC32A2771E}"
EndProject
Project("{FAE04EC0-301F-11D3-BF4B-00C04F79EFBC}") = "MultiShop.Order.Persistence", "Services\Order\Infrastructure\MultiShop.Order.Persistence\MultiShop.Order.Persistence.csproj", "{D4178642-3F22-40B6-95D7-3159EA85D8B1}"
EndProject
Project("{FAE04EC0-301F-11D3-BF4B-00C04F79EFBC}") = "MultiShop.Order.WebApi", "Services\Order\Presentation\MultiShop.Order.WebApi\MultiShop.Order.WebApi.csproj", "{CF7C4272-94BF-4C17-94D3-DB3418FF8A60}"
EndProject
Project("{2150E333-8FDC-42A3-9474-1A3956D46DE8}") = "IdentityServer", "IdentityServer", "{5069D189-EA36-44BD-BC40-331952D4067B}"
EndProject
Project("{FAE04EC0-301F-11D3-BF4B-00C04F79EFBC}") = "MultiShop.IdentityServer", "IdentityServer\MultiShop.IdentityServer\MultiShop.IdentityServer.csproj", "{EA14094F-FB55-5ABC-1402-B4229C4AD0B1}"
EndProject
Project("{2150E333-8FDC-42A3-9474-1A3956D46DE8}") = "Requirements", "Requirements", "{6417075E-F247-4EAD-9E08-D34997E22984}"
	ProjectSection(SolutionItems) = preProject
		IdentityServerVersionErrorSolution.txt = IdentityServerVersionErrorSolution.txt
		PortainerCmd.txt = PortainerCmd.txt
		PortNumbers.txt = PortNumbers.txt
	EndProjectSection
EndProject
Project("{2150E333-8FDC-42A3-9474-1A3956D46DE8}") = "Cargo", "Cargo", "{39CDAD5C-EDD6-46A2-A8CC-E7817E161073}"
EndProject
Project("{FAE04EC0-301F-11D3-BF4B-00C04F79EFBC}") = "MultiShop.Cargo.BusinessLayer", "Services\Cargo\MultiShop.Cargo.BusinessLayer\MultiShop.Cargo.BusinessLayer.csproj", "{6E03F112-A55C-4DE8-AA59-CAEC74176951}"
EndProject
Project("{FAE04EC0-301F-11D3-BF4B-00C04F79EFBC}") = "MultiShop.Cargo.EntityLayer", "Services\Cargo\MultiShop.Cargo.EntityLayer\MultiShop.Cargo.EntityLayer.csproj", "{5C6C981F-B2CC-44B0-9A9B-19F2AA632489}"
EndProject
Project("{FAE04EC0-301F-11D3-BF4B-00C04F79EFBC}") = "MultiShop.Cargo.DataAccessLayer", "Services\Cargo\MultiShop.Cargo.DataAccessLayer\MultiShop.Cargo.DataAccessLayer.csproj", "{33A83CDF-516F-4EEE-A70C-71DBD4FC0F85}"
EndProject
Project("{FAE04EC0-301F-11D3-BF4B-00C04F79EFBC}") = "MultiShop.Cargo.DtoLayer", "Services\Cargo\MultiShop.Cargo.DtoLayer\MultiShop.Cargo.DtoLayer.csproj", "{3C14DDB7-5628-4493-AC14-41524F244FE1}"
EndProject
Project("{FAE04EC0-301F-11D3-BF4B-00C04F79EFBC}") = "MultiShop.Cargo.WebApi", "Services\Cargo\MultiShop.Cargo.WebApi\MultiShop.Cargo.WebApi.csproj", "{BBD8B679-8EE1-4710-9A3B-9615F820CD20}"
EndProject
Project("{2150E333-8FDC-42A3-9474-1A3956D46DE8}") = "Basket", "Basket", "{13016478-FD70-484D-B68A-FB75399D1911}"
EndProject
Project("{FAE04EC0-301F-11D3-BF4B-00C04F79EFBC}") = "MultiShop.Basket", "Services\Basket\MultiShop.Basket\MultiShop.Basket.csproj", "{F90F5C25-BECF-4AC8-8757-4488CF75C112}"
EndProject
Project("{2150E333-8FDC-42A3-9474-1A3956D46DE8}") = "Frontends", "Frontends", "{9BF53DA2-F23B-4C7E-B45A-BCD74A0B5B74}"
EndProject
Project("{FAE04EC0-301F-11D3-BF4B-00C04F79EFBC}") = "MultiShop.WebUI", "Frontends\MultiShop.WebUI\MultiShop.WebUI.csproj", "{63181C5F-E64B-4022-BD31-827041F1E1E5}"
EndProject
Project("{FAE04EC0-301F-11D3-BF4B-00C04F79EFBC}") = "MultiShop.DtoLayer", "Frontends\MultiShop.DtoLayer\MultiShop.DtoLayer.csproj", "{B51BF4DC-4B27-422F-B12D-16ECA95B26B4}"
EndProject
Project("{2150E333-8FDC-42A3-9474-1A3956D46DE8}") = "Comment", "Comment", "{C4275C62-CBB5-47EB-90E6-BDBBEE07A7B0}"
EndProject
Project("{FAE04EC0-301F-11D3-BF4B-00C04F79EFBC}") = "MultiShop.Comment", "Services\Comment\MultiShop.Comment\MultiShop.Comment.csproj", "{6B0F5CC1-3D9D-4173-B43B-F93EF1753197}"
EndProject
Global
	GlobalSection(SolutionConfigurationPlatforms) = preSolution
		Debug|Any CPU = Debug|Any CPU
		Release|Any CPU = Release|Any CPU
	EndGlobalSection
	GlobalSection(ProjectConfigurationPlatforms) = postSolution
		{16A20840-F1E9-4E23-A822-9E8E701F0608}.Debug|Any CPU.ActiveCfg = Debug|Any CPU
		{16A20840-F1E9-4E23-A822-9E8E701F0608}.Debug|Any CPU.Build.0 = Debug|Any CPU
		{16A20840-F1E9-4E23-A822-9E8E701F0608}.Release|Any CPU.ActiveCfg = Release|Any CPU
		{16A20840-F1E9-4E23-A822-9E8E701F0608}.Release|Any CPU.Build.0 = Release|Any CPU
		{317AFE96-C986-4FF8-8D6E-D02551E2319B}.Debug|Any CPU.ActiveCfg = Debug|Any CPU
		{317AFE96-C986-4FF8-8D6E-D02551E2319B}.Debug|Any CPU.Build.0 = Debug|Any CPU
		{317AFE96-C986-4FF8-8D6E-D02551E2319B}.Release|Any CPU.ActiveCfg = Release|Any CPU
		{317AFE96-C986-4FF8-8D6E-D02551E2319B}.Release|Any CPU.Build.0 = Release|Any CPU
		{C9BA3794-E9C9-4FB1-9DB5-9DD4686E163F}.Debug|Any CPU.ActiveCfg = Debug|Any CPU
		{C9BA3794-E9C9-4FB1-9DB5-9DD4686E163F}.Debug|Any CPU.Build.0 = Debug|Any CPU
		{C9BA3794-E9C9-4FB1-9DB5-9DD4686E163F}.Release|Any CPU.ActiveCfg = Release|Any CPU
		{C9BA3794-E9C9-4FB1-9DB5-9DD4686E163F}.Release|Any CPU.Build.0 = Release|Any CPU
		{E9CBDCFE-DB6F-485C-BC04-32AC32A2771E}.Debug|Any CPU.ActiveCfg = Debug|Any CPU
		{E9CBDCFE-DB6F-485C-BC04-32AC32A2771E}.Debug|Any CPU.Build.0 = Debug|Any CPU
		{E9CBDCFE-DB6F-485C-BC04-32AC32A2771E}.Release|Any CPU.ActiveCfg = Release|Any CPU
		{E9CBDCFE-DB6F-485C-BC04-32AC32A2771E}.Release|Any CPU.Build.0 = Release|Any CPU
		{D4178642-3F22-40B6-95D7-3159EA85D8B1}.Debug|Any CPU.ActiveCfg = Debug|Any CPU
		{D4178642-3F22-40B6-95D7-3159EA85D8B1}.Debug|Any CPU.Build.0 = Debug|Any CPU
		{D4178642-3F22-40B6-95D7-3159EA85D8B1}.Release|Any CPU.ActiveCfg = Release|Any CPU
		{D4178642-3F22-40B6-95D7-3159EA85D8B1}.Release|Any CPU.Build.0 = Release|Any CPU
		{CF7C4272-94BF-4C17-94D3-DB3418FF8A60}.Debug|Any CPU.ActiveCfg = Debug|Any CPU
		{CF7C4272-94BF-4C17-94D3-DB3418FF8A60}.Debug|Any CPU.Build.0 = Debug|Any CPU
		{CF7C4272-94BF-4C17-94D3-DB3418FF8A60}.Release|Any CPU.ActiveCfg = Release|Any CPU
		{CF7C4272-94BF-4C17-94D3-DB3418FF8A60}.Release|Any CPU.Build.0 = Release|Any CPU
		{EA14094F-FB55-5ABC-1402-B4229C4AD0B1}.Debug|Any CPU.ActiveCfg = Debug|Any CPU
		{EA14094F-FB55-5ABC-1402-B4229C4AD0B1}.Debug|Any CPU.Build.0 = Debug|Any CPU
		{EA14094F-FB55-5ABC-1402-B4229C4AD0B1}.Release|Any CPU.ActiveCfg = Release|Any CPU
		{EA14094F-FB55-5ABC-1402-B4229C4AD0B1}.Release|Any CPU.Build.0 = Release|Any CPU
		{6E03F112-A55C-4DE8-AA59-CAEC74176951}.Debug|Any CPU.ActiveCfg = Debug|Any CPU
		{6E03F112-A55C-4DE8-AA59-CAEC74176951}.Debug|Any CPU.Build.0 = Debug|Any CPU
		{6E03F112-A55C-4DE8-AA59-CAEC74176951}.Release|Any CPU.ActiveCfg = Release|Any CPU
		{6E03F112-A55C-4DE8-AA59-CAEC74176951}.Release|Any CPU.Build.0 = Release|Any CPU
		{5C6C981F-B2CC-44B0-9A9B-19F2AA632489}.Debug|Any CPU.ActiveCfg = Debug|Any CPU
		{5C6C981F-B2CC-44B0-9A9B-19F2AA632489}.Debug|Any CPU.Build.0 = Debug|Any CPU
		{5C6C981F-B2CC-44B0-9A9B-19F2AA632489}.Release|Any CPU.ActiveCfg = Release|Any CPU
		{5C6C981F-B2CC-44B0-9A9B-19F2AA632489}.Release|Any CPU.Build.0 = Release|Any CPU
		{33A83CDF-516F-4EEE-A70C-71DBD4FC0F85}.Debug|Any CPU.ActiveCfg = Debug|Any CPU
		{33A83CDF-516F-4EEE-A70C-71DBD4FC0F85}.Debug|Any CPU.Build.0 = Debug|Any CPU
		{33A83CDF-516F-4EEE-A70C-71DBD4FC0F85}.Release|Any CPU.ActiveCfg = Release|Any CPU
		{33A83CDF-516F-4EEE-A70C-71DBD4FC0F85}.Release|Any CPU.Build.0 = Release|Any CPU
		{3C14DDB7-5628-4493-AC14-41524F244FE1}.Debug|Any CPU.ActiveCfg = Debug|Any CPU
		{3C14DDB7-5628-4493-AC14-41524F244FE1}.Debug|Any CPU.Build.0 = Debug|Any CPU
		{3C14DDB7-5628-4493-AC14-41524F244FE1}.Release|Any CPU.ActiveCfg = Release|Any CPU
		{3C14DDB7-5628-4493-AC14-41524F244FE1}.Release|Any CPU.Build.0 = Release|Any CPU
		{BBD8B679-8EE1-4710-9A3B-9615F820CD20}.Debug|Any CPU.ActiveCfg = Debug|Any CPU
		{BBD8B679-8EE1-4710-9A3B-9615F820CD20}.Debug|Any CPU.Build.0 = Debug|Any CPU
		{BBD8B679-8EE1-4710-9A3B-9615F820CD20}.Release|Any CPU.ActiveCfg = Release|Any CPU
		{BBD8B679-8EE1-4710-9A3B-9615F820CD20}.Release|Any CPU.Build.0 = Release|Any CPU
		{F90F5C25-BECF-4AC8-8757-4488CF75C112}.Debug|Any CPU.ActiveCfg = Debug|Any CPU
		{F90F5C25-BECF-4AC8-8757-4488CF75C112}.Debug|Any CPU.Build.0 = Debug|Any CPU
		{F90F5C25-BECF-4AC8-8757-4488CF75C112}.Release|Any CPU.ActiveCfg = Release|Any CPU
		{F90F5C25-BECF-4AC8-8757-4488CF75C112}.Release|Any CPU.Build.0 = Release|Any CPU
		{63181C5F-E64B-4022-BD31-827041F1E1E5}.Debug|Any CPU.ActiveCfg = Debug|Any CPU
		{63181C5F-E64B-4022-BD31-827041F1E1E5}.Debug|Any CPU.Build.0 = Debug|Any CPU
		{63181C5F-E64B-4022-BD31-827041F1E1E5}.Release|Any CPU.ActiveCfg = Release|Any CPU
		{63181C5F-E64B-4022-BD31-827041F1E1E5}.Release|Any CPU.Build.0 = Release|Any CPU
		{B51BF4DC-4B27-422F-B12D-16ECA95B26B4}.Debug|Any CPU.ActiveCfg = Debug|Any CPU
		{B51BF4DC-4B27-422F-B12D-16ECA95B26B4}.Debug|Any CPU.Build.0 = Debug|Any CPU
		{B51BF4DC-4B27-422F-B12D-16ECA95B26B4}.Release|Any CPU.ActiveCfg = Release|Any CPU
		{B51BF4DC-4B27-422F-B12D-16ECA95B26B4}.Release|Any CPU.Build.0 = Release|Any CPU
		{6B0F5CC1-3D9D-4173-B43B-F93EF1753197}.Debug|Any CPU.ActiveCfg = Debug|Any CPU
		{6B0F5CC1-3D9D-4173-B43B-F93EF1753197}.Debug|Any CPU.Build.0 = Debug|Any CPU
		{6B0F5CC1-3D9D-4173-B43B-F93EF1753197}.Release|Any CPU.ActiveCfg = Release|Any CPU
		{6B0F5CC1-3D9D-4173-B43B-F93EF1753197}.Release|Any CPU.Build.0 = Release|Any CPU
	EndGlobalSection
	GlobalSection(SolutionProperties) = preSolution
		HideSolutionNode = FALSE
	EndGlobalSection
	GlobalSection(NestedProjects) = preSolution
		{2CC53A7B-BB94-4410-BE56-8639CAF1860D} = {02EA681E-C7D8-13C7-8484-4AC65E1B71E8}
		{16A20840-F1E9-4E23-A822-9E8E701F0608} = {2CC53A7B-BB94-4410-BE56-8639CAF1860D}
		{5A51059D-1357-48FF-8DAA-DF97DDDC2EB0} = {02EA681E-C7D8-13C7-8484-4AC65E1B71E8}
		{317AFE96-C986-4FF8-8D6E-D02551E2319B} = {5A51059D-1357-48FF-8DAA-DF97DDDC2EB0}
		{9BEA16C8-B593-46D4-AA13-3D24924936EE} = {02EA681E-C7D8-13C7-8484-4AC65E1B71E8}
		{135DB3FC-8236-4840-96D0-64B5C4DDC82A} = {9BEA16C8-B593-46D4-AA13-3D24924936EE}
		{E9FD0B0C-0E7C-4E13-B78D-7A283BC4DD19} = {9BEA16C8-B593-46D4-AA13-3D24924936EE}
		{FF6E8940-C7D7-45F1-94D4-0265423690A2} = {9BEA16C8-B593-46D4-AA13-3D24924936EE}
		{C9BA3794-E9C9-4FB1-9DB5-9DD4686E163F} = {135DB3FC-8236-4840-96D0-64B5C4DDC82A}
		{E9CBDCFE-DB6F-485C-BC04-32AC32A2771E} = {135DB3FC-8236-4840-96D0-64B5C4DDC82A}
		{D4178642-3F22-40B6-95D7-3159EA85D8B1} = {FF6E8940-C7D7-45F1-94D4-0265423690A2}
		{CF7C4272-94BF-4C17-94D3-DB3418FF8A60} = {E9FD0B0C-0E7C-4E13-B78D-7A283BC4DD19}
		{EA14094F-FB55-5ABC-1402-B4229C4AD0B1} = {5069D189-EA36-44BD-BC40-331952D4067B}
		{39CDAD5C-EDD6-46A2-A8CC-E7817E161073} = {02EA681E-C7D8-13C7-8484-4AC65E1B71E8}
		{6E03F112-A55C-4DE8-AA59-CAEC74176951} = {39CDAD5C-EDD6-46A2-A8CC-E7817E161073}
		{5C6C981F-B2CC-44B0-9A9B-19F2AA632489} = {39CDAD5C-EDD6-46A2-A8CC-E7817E161073}
		{33A83CDF-516F-4EEE-A70C-71DBD4FC0F85} = {39CDAD5C-EDD6-46A2-A8CC-E7817E161073}
		{3C14DDB7-5628-4493-AC14-41524F244FE1} = {39CDAD5C-EDD6-46A2-A8CC-E7817E161073}
		{BBD8B679-8EE1-4710-9A3B-9615F820CD20} = {39CDAD5C-EDD6-46A2-A8CC-E7817E161073}
		{13016478-FD70-484D-B68A-FB75399D1911} = {02EA681E-C7D8-13C7-8484-4AC65E1B71E8}
		{F90F5C25-BECF-4AC8-8757-4488CF75C112} = {13016478-FD70-484D-B68A-FB75399D1911}
		{63181C5F-E64B-4022-BD31-827041F1E1E5} = {9BF53DA2-F23B-4C7E-B45A-BCD74A0B5B74}
		{B51BF4DC-4B27-422F-B12D-16ECA95B26B4} = {9BF53DA2-F23B-4C7E-B45A-BCD74A0B5B74}
		{C4275C62-CBB5-47EB-90E6-BDBBEE07A7B0} = {02EA681E-C7D8-13C7-8484-4AC65E1B71E8}
		{6B0F5CC1-3D9D-4173-B43B-F93EF1753197} = {C4275C62-CBB5-47EB-90E6-BDBBEE07A7B0}
	EndGlobalSection
	GlobalSection(ExtensibilityGlobals) = postSolution
		SolutionGuid = {09D9E1A5-684D-455B-AD88-7069EA2CDC8F}
	EndGlobalSection
EndGlobal
